
Microsoft Visual Studio Solution File, Format Version 12.00
# Visual Studio Version 16
VisualStudioVersion = 16.6.30114.105
MinimumVisualStudioVersion = 10.0.40219.1
Project("{FAE04EC0-301F-11D3-BF4B-00C04F79EFBC}") = "IOL.VippsEcommerce", "src\IOL.VippsEcommerce\IOL.VippsEcommerce.csproj", "{21C501E7-F8B0-427D-88BD-21CD2460961B}"
EndProject
Project("{FAE04EC0-301F-11D3-BF4B-00C04F79EFBC}") = "IOL.VippsEcommerce.Client", "src\IOL.VippsEcommerce.Client\IOL.VippsEcommerce.Client.csproj", "{A9D97F08-B3F6-42B0-81A8-6856E56C7582}"
EndProject
Project("{FAE04EC0-301F-11D3-BF4B-00C04F79EFBC}") = "IOL.VippsEcommerce.Tests", "src\IOL.VippsEcommerce.Tests\IOL.VippsEcommerce.Tests.csproj", "{1212AFB0-3AE4-4FBE-9DA0-A78445838C7C}"
EndProject
Global
	GlobalSection(SolutionConfigurationPlatforms) = preSolution
		Debug|Any CPU = Debug|Any CPU
		Debug|x64 = Debug|x64
		Debug|x86 = Debug|x86
		Release|Any CPU = Release|Any CPU
		Release|x64 = Release|x64
		Release|x86 = Release|x86
	EndGlobalSection
	GlobalSection(SolutionProperties) = preSolution
		HideSolutionNode = FALSE
	EndGlobalSection
	GlobalSection(ProjectConfigurationPlatforms) = postSolution
		{21C501E7-F8B0-427D-88BD-21CD2460961B}.Debug|Any CPU.ActiveCfg = Debug|Any CPU
		{21C501E7-F8B0-427D-88BD-21CD2460961B}.Debug|Any CPU.Build.0 = Debug|Any CPU
		{21C501E7-F8B0-427D-88BD-21CD2460961B}.Debug|x64.ActiveCfg = Debug|Any CPU
		{21C501E7-F8B0-427D-88BD-21CD2460961B}.Debug|x64.Build.0 = Debug|Any CPU
		{21C501E7-F8B0-427D-88BD-21CD2460961B}.Debug|x86.ActiveCfg = Debug|Any CPU
		{21C501E7-F8B0-427D-88BD-21CD2460961B}.Debug|x86.Build.0 = Debug|Any CPU
		{21C501E7-F8B0-427D-88BD-21CD2460961B}.Release|Any CPU.ActiveCfg = Release|Any CPU
		{21C501E7-F8B0-427D-88BD-21CD2460961B}.Release|Any CPU.Build.0 = Release|Any CPU
		{21C501E7-F8B0-427D-88BD-21CD2460961B}.Release|x64.ActiveCfg = Release|Any CPU
		{21C501E7-F8B0-427D-88BD-21CD2460961B}.Release|x64.Build.0 = Release|Any CPU
		{21C501E7-F8B0-427D-88BD-21CD2460961B}.Release|x86.ActiveCfg = Release|Any CPU
		{21C501E7-F8B0-427D-88BD-21CD2460961B}.Release|x86.Build.0 = Release|Any CPU
		{A9D97F08-B3F6-42B0-81A8-6856E56C7582}.Debug|Any CPU.ActiveCfg = Debug|Any CPU
		{A9D97F08-B3F6-42B0-81A8-6856E56C7582}.Debug|Any CPU.Build.0 = Debug|Any CPU
		{A9D97F08-B3F6-42B0-81A8-6856E56C7582}.Debug|x64.ActiveCfg = Debug|Any CPU
		{A9D97F08-B3F6-42B0-81A8-6856E56C7582}.Debug|x64.Build.0 = Debug|Any CPU
		{A9D97F08-B3F6-42B0-81A8-6856E56C7582}.Debug|x86.ActiveCfg = Debug|Any CPU
		{A9D97F08-B3F6-42B0-81A8-6856E56C7582}.Debug|x86.Build.0 = Debug|Any CPU
		{A9D97F08-B3F6-42B0-81A8-6856E56C7582}.Release|Any CPU.ActiveCfg = Release|Any CPU
		{A9D97F08-B3F6-42B0-81A8-6856E56C7582}.Release|Any CPU.Build.0 = Release|Any CPU
		{A9D97F08-B3F6-42B0-81A8-6856E56C7582}.Release|x64.ActiveCfg = Release|Any CPU
		{A9D97F08-B3F6-42B0-81A8-6856E56C7582}.Release|x64.Build.0 = Release|Any CPU
		{A9D97F08-B3F6-42B0-81A8-6856E56C7582}.Release|x86.ActiveCfg = Release|Any CPU
		{A9D97F08-B3F6-42B0-81A8-6856E56C7582}.Release|x86.Build.0 = Release|Any CPU
		{1212AFB0-3AE4-4FBE-9DA0-A78445838C7C}.Debug|Any CPU.ActiveCfg = Debug|Any CPU
		{1212AFB0-3AE4-4FBE-9DA0-A78445838C7C}.Debug|Any CPU.Build.0 = Debug|Any CPU
		{1212AFB0-3AE4-4FBE-9DA0-A78445838C7C}.Debug|x64.ActiveCfg = Debug|Any CPU
		{1212AFB0-3AE4-4FBE-9DA0-A78445838C7C}.Debug|x64.Build.0 = Debug|Any CPU
		{1212AFB0-3AE4-4FBE-9DA0-A78445838C7C}.Debug|x86.ActiveCfg = Debug|Any CPU
		{1212AFB0-3AE4-4FBE-9DA0-A78445838C7C}.Debug|x86.Build.0 = Debug|Any CPU
		{1212AFB0-3AE4-4FBE-9DA0-A78445838C7C}.Release|Any CPU.ActiveCfg = Release|Any CPU
		{1212AFB0-3AE4-4FBE-9DA0-A78445838C7C}.Release|Any CPU.Build.0 = Release|Any CPU
		{1212AFB0-3AE4-4FBE-9DA0-A78445838C7C}.Release|x64.ActiveCfg = Release|Any CPU
		{1212AFB0-3AE4-4FBE-9DA0-A78445838C7C}.Release|x64.Build.0 = Release|Any CPU
		{1212AFB0-3AE4-4FBE-9DA0-A78445838C7C}.Release|x86.ActiveCfg = Release|Any CPU
		{1212AFB0-3AE4-4FBE-9DA0-A78445838C7C}.Release|x86.Build.0 = Release|Any CPU
	EndGlobalSection
EndGlobal
